dependencies:
- name: common
  repository: oci://registry-1.docker.io/cloudpirates
  version: 1.0.0
- name: mariadb
  repository: oci://registry-1.docker.io/cloudpirates
  version: 0.2.7
digest: sha256:202c2fb653acb9d833137fb9113251902598a5e08518ae491bbaa84273978e55
generated: "2025-09-19T13:59:36.587566+02:00"
