dependencies:
- name: common
  repository: oci://registry-1.docker.io/cloudpirates
  version: 2.2.0
- name: valkey
  repository: oci://registry-1.docker.io/cloudpirates
  version: 0.21.0
digest: sha256:32e69d1418de3d741224ea7393ff838a6bc76ad7ac68bfc733e4e8e1384c4cc7
generated: "2026-05-22T09:57:45.254607452Z"
