dependencies:
- name: common
  repository: oci://registry-1.docker.io/cloudpirates
  version: 2.2.0
- name: valkey
  repository: oci://registry-1.docker.io/cloudpirates
  version: 0.20.1
digest: sha256:e64384a7e6cb0b9bb8ba26f682ee898857735c93e43b248060416d164e4899d4
generated: "2026-05-04T09:40:14.499782228Z"
